
Microsoft Visual Studio Solution File, Format Version 12.00
# Visual Studio Version 17
VisualStudioVersion = 17.3.32901.215
MinimumVisualStudioVersion = 10.0.40219.1
Project("{FAE04EC0-301F-11D3-BF4B-00C04F79EFBC}") = "listViewwithDatabase", "listViewwithDatabase.csproj", "{7D914842-37F2-46F3-B8A3-3EB1052A1746}"
EndProject
Global
	GlobalSection(SolutionConfigurationPlatforms) = preSolution
		Debug|Any CPU = Debug|Any CPU
		Release|Any CPU = Release|Any CPU
	EndGlobalSection
	GlobalSection(ProjectConfigurationPlatforms) = postSolution
		{7D914842-37F2-46F3-B8A3-3EB1052A1746}.Debug|Any CPU.ActiveCfg = Debug|Any CPU
		{7D914842-37F2-46F3-B8A3-3EB1052A1746}.Debug|Any CPU.Build.0 = Debug|Any CPU
		{7D914842-37F2-46F3-B8A3-3EB1052A1746}.Release|Any CPU.ActiveCfg = Release|Any CPU
		{7D914842-37F2-46F3-B8A3-3EB1052A1746}.Release|Any CPU.Build.0 = Release|Any CPU
	EndGlobalSection
	GlobalSection(SolutionProperties) = preSolution
		HideSolutionNode = FALSE
	EndGlobalSection
	GlobalSection(ExtensibilityGlobals) = postSolution
		SolutionGuid = {8A002BCE-F80F-40FB-9790-6016D3FC9016}
	EndGlobalSection
EndGlobal
